
Microsoft Visual Studio Solution File, Format Version 12.00
# Visual Studio Version 17
VisualStudioVersion = 17.11.35208.52
MinimumVisualStudioVersion = 10.0.40219.1
Project("{9A19103F-16F7-4668-BE54-9A1E7A4F7556}") = "takeout_tj", "takeout_tj.csproj", "{F1FF0590-AA80-4FF2-8F90-D90C4E9A1202}"
EndProject
Global
	GlobalSection(SolutionConfigurationPlatforms) = preSolution
		Debug|Any CPU = Debug|Any CPU
		Release|Any CPU = Release|Any CPU
	EndGlobalSection
	GlobalSection(ProjectConfigurationPlatforms) = postSolution
		{F1FF0590-AA80-4FF2-8F90-D90C4E9A1202}.Debug|Any CPU.ActiveCfg = Debug|Any CPU
		{F1FF0590-AA80-4FF2-8F90-D90C4E9A1202}.Debug|Any CPU.Build.0 = Debug|Any CPU
		{F1FF0590-AA80-4FF2-8F90-D90C4E9A1202}.Release|Any CPU.ActiveCfg = Release|Any CPU
		{F1FF0590-AA80-4FF2-8F90-D90C4E9A1202}.Release|Any CPU.Build.0 = Release|Any CPU
	EndGlobalSection
	GlobalSection(SolutionProperties) = preSolution
		HideSolutionNode = FALSE
	EndGlobalSection
	GlobalSection(ExtensibilityGlobals) = postSolution
		SolutionGuid = {1DCE6DBA-BC31-4E02-A977-DA2A57F1B23E}
	EndGlobalSection
EndGlobal
